
Microsoft Visual Studio Solution File, Format Version 12.00
# Visual Studio 15
VisualStudioVersion = 15.0.28010.2019
MinimumVisualStudioVersion = 10.0.40219.1
Project("{FAE04EC0-301F-11D3-BF4B-00C04F79EFBC}") = "Assignment2.Android", "Assignment2\Assignment2.Android\Assignment2.Android.csproj", "{838F2995-B174-4FB5-BC72-A3399297EC81}"
EndProject
Project("{FAE04EC0-301F-11D3-BF4B-00C04F79EFBC}") = "Assignment2.iOS", "Assignment2\Assignment2.iOS\Assignment2.iOS.csproj", "{7943097A-D0E0-4DE7-8351-20504F6CA966}"
EndProject
Project("{FAE04EC0-301F-11D3-BF4B-00C04F79EFBC}") = "Assignment2", "Assignment2\Assignment2\Assignment2.csproj", "{AE1A9DE9-678C-4681-98FC-163AE1E3937C}"
EndProject
Global
	GlobalSection(SolutionConfigurationPlatforms) = preSolution
		Ad-Hoc|Any CPU = Ad-Hoc|Any CPU
		Ad-Hoc|iPhone = Ad-Hoc|iPhone
		Ad-Hoc|iPhoneSimulator = Ad-Hoc|iPhoneSimulator
		AppStore|Any CPU = AppStore|Any CPU
		AppStore|iPhone = AppStore|iPhone
		AppStore|iPhoneSimulator = AppStore|iPhoneSimulator
		Debug|Any CPU = Debug|Any CPU
		Debug|iPhone = Debug|iPhone
		Debug|iPhoneSimulator = Debug|iPhoneSimulator
		Release|Any CPU = Release|Any CPU
		Release|iPhone = Release|iPhone
		Release|iPhoneSimulator = Release|iPhoneSimulator
	EndGlobalSection
	GlobalSection(ProjectConfigurationPlatforms) = postSolution
		{838F2995-B174-4FB5-BC72-A3399297EC81}.Ad-Hoc|Any CPU.ActiveCfg = Release|Any CPU
		{838F2995-B174-4FB5-BC72-A3399297EC81}.Ad-Hoc|Any CPU.Build.0 = Release|Any CPU
		{838F2995-B174-4FB5-BC72-A3399297EC81}.Ad-Hoc|Any CPU.Deploy.0 = Release|Any CPU
		{838F2995-B174-4FB5-BC72-A3399297EC81}.Ad-Hoc|iPhone.ActiveCfg = Release|Any CPU
		{838F2995-B174-4FB5-BC72-A3399297EC81}.Ad-Hoc|iPhone.Build.0 = Release|Any CPU
		{838F2995-B174-4FB5-BC72-A3399297EC81}.Ad-Hoc|iPhone.Deploy.0 = Release|Any CPU
		{838F2995-B174-4FB5-BC72-A3399297EC81}.Ad-Hoc|iPhoneSimulator.ActiveCfg = Release|Any CPU
		{838F2995-B174-4FB5-BC72-A3399297EC81}.Ad-Hoc|iPhoneSimulator.Build.0 = Release|Any CPU
		{838F2995-B174-4FB5-BC72-A3399297EC81}.Ad-Hoc|iPhoneSimulator.Deploy.0 = Release|Any CPU
		{838F2995-B174-4FB5-BC72-A3399297EC81}.AppStore|Any CPU.ActiveCfg = Release|Any CPU
		{838F2995-B174-4FB5-BC72-A3399297EC81}.AppStore|Any CPU.Build.0 = Release|Any CPU
		{838F2995-B174-4FB5-BC72-A3399297EC81}.AppStore|Any CPU.Deploy.0 = Release|Any CPU
		{838F2995-B174-4FB5-BC72-A3399297EC81}.AppStore|iPhone.ActiveCfg = Release|Any CPU
		{838F2995-B174-4FB5-BC72-A3399297EC81}.AppStore|iPhone.Build.0 = Release|Any CPU
		{838F2995-B174-4FB5-BC72-A3399297EC81}.AppStore|iPhone.Deploy.0 = Release|Any CPU
		{838F2995-B174-4FB5-BC72-A3399297EC81}.AppStore|iPhoneSimulator.ActiveCfg = Release|Any CPU
		{838F2995-B174-4FB5-BC72-A3399297EC81}.AppStore|iPhoneSimulator.Build.0 = Release|Any CPU
		{838F2995-B174-4FB5-BC72-A3399297EC81}.AppStore|iPhoneSimulator.Deploy.0 = Release|Any CPU
		{838F2995-B174-4FB5-BC72-A3399297EC81}.Debug|Any CPU.ActiveCfg = Debug|Any CPU
		{838F2995-B174-4FB5-BC72-A3399297EC81}.Debug|Any CPU.Build.0 = Debug|Any CPU
		{838F2995-B174-4FB5-BC72-A3399297EC81}.Debug|Any CPU.Deploy.0 = Debug|Any CPU
		{838F2995-B174-4FB5-BC72-A3399297EC81}.Debug|iPhone.ActiveCfg = Debug|Any CPU
		{838F2995-B174-4FB5-BC72-A3399297EC81}.Debug|iPhone.Build.0 = Debug|Any CPU
		{838F2995-B174-4FB5-BC72-A3399297EC81}.Debug|iPhone.Deploy.0 = Debug|Any CPU
		{838F2995-B174-4FB5-BC72-A3399297EC81}.Debug|iPhoneSimulator.ActiveCfg = Debug|Any CPU
		{838F2995-B174-4FB5-BC72-A3399297EC81}.Debug|iPhoneSimulator.Build.0 = Debug|Any CPU
		{838F2995-B174-4FB5-BC72-A3399297EC81}.Debug|iPhoneSimulator.Deploy.0 = Debug|Any CPU
		{838F2995-B174-4FB5-BC72-A3399297EC81}.Release|Any CPU.ActiveCfg = Release|Any CPU
		{838F2995-B174-4FB5-BC72-A3399297EC81}.Release|Any CPU.Build.0 = Release|Any CPU
		{838F2995-B174-4FB5-BC72-A3399297EC81}.Release|Any CPU.Deploy.0 = Release|Any CPU
		{838F2995-B174-4FB5-BC72-A3399297EC81}.Release|iPhone.ActiveCfg = Release|Any CPU
		{838F2995-B174-4FB5-BC72-A3399297EC81}.Release|iPhone.Build.0 = Release|Any CPU
		{838F2995-B174-4FB5-BC72-A3399297EC81}.Release|iPhone.Deploy.0 = Release|Any CPU
		{838F2995-B174-4FB5-BC72-A3399297EC81}.Release|iPhoneSimulator.ActiveCfg = Release|Any CPU
		{838F2995-B174-4FB5-BC72-A3399297EC81}.Release|iPhoneSimulator.Build.0 = Release|Any CPU
		{838F2995-B174-4FB5-BC72-A3399297EC81}.Release|iPhoneSimulator.Deploy.0 = Release|Any CPU
		{7943097A-D0E0-4DE7-8351-20504F6CA966}.Ad-Hoc|Any CPU.ActiveCfg = Ad-Hoc|iPhone
		{7943097A-D0E0-4DE7-8351-20504F6CA966}.Ad-Hoc|Any CPU.Build.0 = Ad-Hoc|iPhone
		{7943097A-D0E0-4DE7-8351-20504F6CA966}.Ad-Hoc|Any CPU.Deploy.0 = Ad-Hoc|iPhone
		{7943097A-D0E0-4DE7-8351-20504F6CA966}.Ad-Hoc|iPhone.ActiveCfg = Ad-Hoc|iPhone
		{7943097A-D0E0-4DE7-8351-20504F6CA966}.Ad-Hoc|iPhone.Build.0 = Ad-Hoc|iPhone
		{7943097A-D0E0-4DE7-8351-20504F6CA966}.Ad-Hoc|iPhone.Deploy.0 = Ad-Hoc|iPhone
		{7943097A-D0E0-4DE7-8351-20504F6CA966}.Ad-Hoc|iPhoneSimulator.ActiveCfg = Ad-Hoc|iPhoneSimulator
		{7943097A-D0E0-4DE7-8351-20504F6CA966}.Ad-Hoc|iPhoneSimulator.Build.0 = Ad-Hoc|iPhoneSimulator
		{7943097A-D0E0-4DE7-8351-20504F6CA966}.Ad-Hoc|iPhoneSimulator.Deploy.0 = Ad-Hoc|iPhoneSimulator
		{7943097A-D0E0-4DE7-8351-20504F6CA966}.AppStore|Any CPU.ActiveCfg = AppStore|iPhone
		{7943097A-D0E0-4DE7-8351-20504F6CA966}.AppStore|Any CPU.Build.0 = AppStore|iPhone
		{7943097A-D0E0-4DE7-8351-20504F6CA966}.AppStore|Any CPU.Deploy.0 = AppStore|iPhone
		{7943097A-D0E0-4DE7-8351-20504F6CA966}.AppStore|iPhone.ActiveCfg = AppStore|iPhone
		{7943097A-D0E0-4DE7-8351-20504F6CA966}.AppStore|iPhone.Build.0 = AppStore|iPhone
		{7943097A-D0E0-4DE7-8351-20504F6CA966}.AppStore|iPhone.Deploy.0 = AppStore|iPhone
		{7943097A-D0E0-4DE7-8351-20504F6CA966}.AppStore|iPhoneSimulator.ActiveCfg = AppStore|iPhoneSimulator
		{7943097A-D0E0-4DE7-8351-20504F6CA966}.AppStore|iPhoneSimulator.Build.0 = AppStore|iPhoneSimulator
		{7943097A-D0E0-4DE7-8351-20504F6CA966}.AppStore|iPhoneSimulator.Deploy.0 = AppStore|iPhoneSimulator
		{7943097A-D0E0-4DE7-8351-20504F6CA966}.Debug|Any CPU.ActiveCfg = Debug|iPhoneSimulator
		{7943097A-D0E0-4DE7-8351-20504F6CA966}.Debug|Any CPU.Build.0 = Debug|iPhoneSimulator
		{7943097A-D0E0-4DE7-8351-20504F6CA966}.Debug|Any CPU.Deploy.0 = Debug|iPhoneSimulator
		{7943097A-D0E0-4DE7-8351-20504F6CA966}.Debug|iPhone.ActiveCfg = Debug|iPhone
		{7943097A-D0E0-4DE7-8351-20504F6CA966}.Debug|iPhone.Build.0 = Debug|iPhone
		{7943097A-D0E0-4DE7-8351-20504F6CA966}.Debug|iPhone.Deploy.0 = Debug|iPhone
		{7943097A-D0E0-4DE7-8351-20504F6CA966}.Debug|iPhoneSimulator.ActiveCfg = Debug|iPhoneSimulator
		{7943097A-D0E0-4DE7-8351-20504F6CA966}.Debug|iPhoneSimulator.Build.0 = Debug|iPhoneSimulator
		{7943097A-D0E0-4DE7-8351-20504F6CA966}.Debug|iPhoneSimulator.Deploy.0 = Debug|iPhoneSimulator
		{7943097A-D0E0-4DE7-8351-20504F6CA966}.Release|Any CPU.ActiveCfg = Release|iPhone
		{7943097A-D0E0-4DE7-8351-20504F6CA966}.Release|Any CPU.Build.0 = Release|iPhone
		{7943097A-D0E0-4DE7-8351-20504F6CA966}.Release|Any CPU.Deploy.0 = Release|iPhone
		{7943097A-D0E0-4DE7-8351-20504F6CA966}.Release|iPhone.ActiveCfg = Release|iPhone
		{7943097A-D0E0-4DE7-8351-20504F6CA966}.Release|iPhone.Build.0 = Release|iPhone
		{7943097A-D0E0-4DE7-8351-20504F6CA966}.Release|iPhone.Deploy.0 = Release|iPhone
		{7943097A-D0E0-4DE7-8351-20504F6CA966}.Release|iPhoneSimulator.ActiveCfg = Release|iPhoneSimulator
		{7943097A-D0E0-4DE7-8351-20504F6CA966}.Release|iPhoneSimulator.Build.0 = Release|iPhoneSimulator
		{7943097A-D0E0-4DE7-8351-20504F6CA966}.Release|iPhoneSimulator.Deploy.0 = Release|iPhoneSimulator
		{AE1A9DE9-678C-4681-98FC-163AE1E3937C}.Ad-Hoc|Any CPU.ActiveCfg = Debug|Any CPU
		{AE1A9DE9-678C-4681-98FC-163AE1E3937C}.Ad-Hoc|Any CPU.Build.0 = Debug|Any CPU
		{AE1A9DE9-678C-4681-98FC-163AE1E3937C}.Ad-Hoc|Any CPU.Deploy.0 = Debug|Any CPU
		{AE1A9DE9-678C-4681-98FC-163AE1E3937C}.Ad-Hoc|iPhone.ActiveCfg = Debug|Any CPU
		{AE1A9DE9-678C-4681-98FC-163AE1E3937C}.Ad-Hoc|iPhone.Build.0 = Debug|Any CPU
		{AE1A9DE9-678C-4681-98FC-163AE1E3937C}.Ad-Hoc|iPhone.Deploy.0 = Debug|Any CPU
		{AE1A9DE9-678C-4681-98FC-163AE1E3937C}.Ad-Hoc|iPhoneSimulator.ActiveCfg = Debug|Any CPU
		{AE1A9DE9-678C-4681-98FC-163AE1E3937C}.Ad-Hoc|iPhoneSimulator.Build.0 = Debug|Any CPU
		{AE1A9DE9-678C-4681-98FC-163AE1E3937C}.Ad-Hoc|iPhoneSimulator.Deploy.0 = Debug|Any CPU
		{AE1A9DE9-678C-4681-98FC-163AE1E3937C}.AppStore|Any CPU.ActiveCfg = Debug|Any CPU
		{AE1A9DE9-678C-4681-98FC-163AE1E3937C}.AppStore|Any CPU.Build.0 = Debug|Any CPU
		{AE1A9DE9-678C-4681-98FC-163AE1E3937C}.AppStore|Any CPU.Deploy.0 = Debug|Any CPU
		{AE1A9DE9-678C-4681-98FC-163AE1E3937C}.AppStore|iPhone.ActiveCfg = Debug|Any CPU
		{AE1A9DE9-678C-4681-98FC-163AE1E3937C}.AppStore|iPhone.Build.0 = Debug|Any CPU
		{AE1A9DE9-678C-4681-98FC-163AE1E3937C}.AppStore|iPhone.Deploy.0 = Debug|Any CPU
		{AE1A9DE9-678C-4681-98FC-163AE1E3937C}.AppStore|iPhoneSimulator.ActiveCfg = Debug|Any CPU
		{AE1A9DE9-678C-4681-98FC-163AE1E3937C}.AppStore|iPhoneSimulator.Build.0 = Debug|Any CPU
		{AE1A9DE9-678C-4681-98FC-163AE1E3937C}.AppStore|iPhoneSimulator.Deploy.0 = Debug|Any CPU
		{AE1A9DE9-678C-4681-98FC-163AE1E3937C}.Debug|Any CPU.ActiveCfg = Debug|Any CPU
		{AE1A9DE9-678C-4681-98FC-163AE1E3937C}.Debug|Any CPU.Build.0 = Debug|Any CPU
		{AE1A9DE9-678C-4681-98FC-163AE1E3937C}.Debug|Any CPU.Deploy.0 = Debug|Any CPU
		{AE1A9DE9-678C-4681-98FC-163AE1E3937C}.Debug|iPhone.ActiveCfg = Debug|Any CPU
		{AE1A9DE9-678C-4681-98FC-163AE1E3937C}.Debug|iPhone.Build.0 = Debug|Any CPU
		{AE1A9DE9-678C-4681-98FC-163AE1E3937C}.Debug|iPhone.Deploy.0 = Debug|Any CPU
		{AE1A9DE9-678C-4681-98FC-163AE1E3937C}.Debug|iPhoneSimulator.ActiveCfg = Debug|Any CPU
		{AE1A9DE9-678C-4681-98FC-163AE1E3937C}.Debug|iPhoneSimulator.Build.0 = Debug|Any CPU
		{AE1A9DE9-678C-4681-98FC-163AE1E3937C}.Debug|iPhoneSimulator.Deploy.0 = Debug|Any CPU
		{AE1A9DE9-678C-4681-98FC-163AE1E3937C}.Release|Any CPU.ActiveCfg = Release|Any CPU
		{AE1A9DE9-678C-4681-98FC-163AE1E3937C}.Release|Any CPU.Build.0 = Release|Any CPU
		{AE1A9DE9-678C-4681-98FC-163AE1E3937C}.Release|Any CPU.Deploy.0 = Release|Any CPU
		{AE1A9DE9-678C-4681-98FC-163AE1E3937C}.Release|iPhone.ActiveCfg = Release|Any CPU
		{AE1A9DE9-678C-4681-98FC-163AE1E3937C}.Release|iPhone.Build.0 = Release|Any CPU
		{AE1A9DE9-678C-4681-98FC-163AE1E3937C}.Release|iPhone.Deploy.0 = Release|Any CPU
		{AE1A9DE9-678C-4681-98FC-163AE1E3937C}.Release|iPhoneSimulator.ActiveCfg = Release|Any CPU
		{AE1A9DE9-678C-4681-98FC-163AE1E3937C}.Release|iPhoneSimulator.Build.0 = Release|Any CPU
		{AE1A9DE9-678C-4681-98FC-163AE1E3937C}.Release|iPhoneSimulator.Deploy.0 = Release|Any CPU
	EndGlobalSection
	GlobalSection(SolutionProperties) = preSolution
		HideSolutionNode = FALSE
	EndGlobalSection
	GlobalSection(ExtensibilityGlobals) = postSolution
		SolutionGuid = {52E01EF6-D56E-4751-B38A-5C5701E662C1}
	EndGlobalSection
EndGlobal
